
Microsoft Visual Studio Solution File, Format Version 12.00
# Visual Studio Version 17
VisualStudioVersion = 17.7.34221.43
MinimumVisualStudioVersion = 10.0.40219.1
Project("{FAE04EC0-301F-11D3-BF4B-00C04F79EFBC}") = "BookStore", "BookStore\BookStore.csproj", "{F06910A9-519A-4615-B207-1EEA6E75CB48}"
EndProject
Project("{FAE04EC0-301F-11D3-BF4B-00C04F79EFBC}") = "BookStore.BLL", "BookStore.BLL\BookStore.BLL.csproj", "{1567256A-3C6B-4B3B-A577-A876190A0AE7}"
EndProject
Project("{FAE04EC0-301F-11D3-BF4B-00C04F79EFBC}") = "BookStore.DAL", "BookStore.DAL\BookStore.DAL.csproj", "{D4DB18AC-4405-478C-AB78-CC4962E826FE}"
EndProject
Global
	GlobalSection(SolutionConfigurationPlatforms) = preSolution
		Debug|Any CPU = Debug|Any CPU
		Release|Any CPU = Release|Any CPU
	EndGlobalSection
	GlobalSection(ProjectConfigurationPlatforms) = postSolution
		{F06910A9-519A-4615-B207-1EEA6E75CB48}.Debug|Any CPU.ActiveCfg = Debug|Any CPU
		{F06910A9-519A-4615-B207-1EEA6E75CB48}.Debug|Any CPU.Build.0 = Debug|Any CPU
		{F06910A9-519A-4615-B207-1EEA6E75CB48}.Release|Any CPU.ActiveCfg = Release|Any CPU
		{F06910A9-519A-4615-B207-1EEA6E75CB48}.Release|Any CPU.Build.0 = Release|Any CPU
		{1567256A-3C6B-4B3B-A577-A876190A0AE7}.Debug|Any CPU.ActiveCfg = Debug|Any CPU
		{1567256A-3C6B-4B3B-A577-A876190A0AE7}.Debug|Any CPU.Build.0 = Debug|Any CPU
		{1567256A-3C6B-4B3B-A577-A876190A0AE7}.Release|Any CPU.ActiveCfg = Release|Any CPU
		{1567256A-3C6B-4B3B-A577-A876190A0AE7}.Release|Any CPU.Build.0 = Release|Any CPU
		{D4DB18AC-4405-478C-AB78-CC4962E826FE}.Debug|Any CPU.ActiveCfg = Debug|Any CPU
		{D4DB18AC-4405-478C-AB78-CC4962E826FE}.Debug|Any CPU.Build.0 = Debug|Any CPU
		{D4DB18AC-4405-478C-AB78-CC4962E826FE}.Release|Any CPU.ActiveCfg = Release|Any CPU
		{D4DB18AC-4405-478C-AB78-CC4962E826FE}.Release|Any CPU.Build.0 = Release|Any CPU
	EndGlobalSection
	GlobalSection(SolutionProperties) = preSolution
		HideSolutionNode = FALSE
	EndGlobalSection
	GlobalSection(ExtensibilityGlobals) = postSolution
		SolutionGuid = {5CF82D4B-893A-4058-A847-73D4BF5A7E78}
	EndGlobalSection
EndGlobal
